// !$*UTF8*$!
{
	archiveVersion = 1;
	classes = {
	};
	objectVersion = 56;
	objects = {

/* Begin PBXBuildFile section */
		EB1BEDD02B9FA92000906918 /* EntraElTenderApp.swift in Sources */ = {isa = PBXBuildFile; fileRef = EB1BEDCF2B9FA92000906918 /* EntraElTenderApp.swift */; };
		EB1BEDD22B9FA92000906918 /* ContentView.swift in Sources */ = {isa = PBXBuildFile; fileRef = EB1BEDD12B9FA92000906918 /* ContentView.swift */; };
		EB1BEDD42B9FA92200906918 /* Assets.xcassets in Resources */ = {isa = PBXBuildFile; fileRef = EB1BEDD32B9FA92200906918 /* Assets.xcassets */; };
		EB1BEDD72B9FA92200906918 /* Preview Assets.xcassets in Resources */ = {isa = PBXBuildFile; fileRef = EB1BEDD62B9FA92200906918 /* Preview Assets.xcassets */; };
		EB1BEDE12B9FA92200906918 /* EntraElTenderTests.swift in Sources */ = {isa = PBXBuildFile; fileRef = EB1BEDE02B9FA92200906918 /* EntraElTenderTests.swift */; };
		EB1BEDEB2B9FA92200906918 /* EntraElTenderUITests.swift in Sources */ = {isa = PBXBuildFile; fileRef = EB1BEDEA2B9FA92200906918 /* EntraElTenderUITests.swift */; };
		EB1BEDED2B9FA92200906918 /* EntraElTenderUITestsLaunchTests.swift in Sources */ = {isa = PBXBuildFile; fileRef = EB1BEDEC2B9FA92200906918 /* EntraElTenderUITestsLaunchTests.swift */; };
/* End PBXBuildFile section */

/* Begin PBXContainerItemProxy section */
		EB1BEDDD2B9FA92200906918 /* PBXContainerItemProxy */ = {
			isa = PBXContainerItemProxy;
			containerPortal = EB1BEDC42B9FA92000906918 /* Project object */;
			proxyType = 1;
			remoteGlobalIDString = EB1BEDCB2B9FA92000906918;
			remoteInfo = EntraElTender;
		};
		EB1BEDE72B9FA92200906918 /* PBXContainerItemProxy */ = {
			isa = PBXContainerItemProxy;
			containerPortal = EB1BEDC42B9FA92000906918 /* Project object */;
			proxyType = 1;
			remoteGlobalIDString = EB1BEDCB2B9FA92000906918;
			remoteInfo = EntraElTender;
		};
/* End PBXContainerItemProxy section */

/* Begin PBXFileReference section */
		EB1BEDCC2B9FA92000906918 /* EntraElTender.app */ = {isa = PBXFileReference; explicitFileType = wrapper.application; includeInIndex = 0; path = EntraElTender.app; sourceTree = BUILT_PRODUCTS_DIR; };
		EB1BEDCF2B9FA92000906918 /* EntraElTenderApp.swift */ = {isa = PBXFileReference; lastKnownFileType = sourcecode.swift; path = EntraElTenderApp.swift; sourceTree = "<group>"; };
		EB1BEDD12B9FA92000906918 /* ContentView.swift */ = {isa = PBXFileReference; lastKnownFileType = sourcecode.swift; path = ContentView.swift; sourceTree = "<group>"; };
		EB1BEDD32B9FA92200906918 /* Assets.xcassets */ = {isa = PBXFileReference; lastKnownFileType = folder.assetcatalog; path = Assets.xcassets; sourceTree = "<group>"; };
		EB1BEDD62B9FA92200906918 /* Preview Assets.xcassets */ = {isa = PBXFileReference; lastKnownFileType = folder.assetcatalog; path = "Preview Assets.xcassets"; sourceTree = "<group>"; };
		EB1BEDDC2B9FA92200906918 /* EntraElTenderTests.xctest */ = {isa = PBXFileReference; explicitFileType = wrapper.cfbundle; includeInIndex = 0; path = EntraElTenderTests.xctest; sourceTree = BUILT_PRODUCTS_DIR; };
		EB1BEDE02B9FA92200906918 /* EntraElTenderTests.swift */ = {isa = PBXFileReference; lastKnownFileType = sourcecode.swift; path = EntraElTenderTests.swift; sourceTree = "<group>"; };
		EB1BEDE62B9FA92200906918 /* EntraElTenderUITests.xctest */ = {isa = PBXFileReference; explicitFileType = wrapper.cfbundle; includeInIndex = 0; path = EntraElTenderUITests.xctest; sourceTree = BUILT_PRODUCTS_DIR; };
		EB1BEDEA2B9FA92200906918 /* EntraElTenderUITests.swift */ = {isa = PBXFileReference; lastKnownFileType = sourcecode.swift; path = EntraElTenderUITests.swift; sourceTree = "<group>"; };
		EB1BEDEC2B9FA92200906918 /* EntraElTenderUITestsLaunchTests.swift */ = {isa = PBXFileReference; lastKnownFileType = sourcecode.swift; path = EntraElTenderUITestsLaunchTests.swift; sourceTree = "<group>"; };
/* End PBXFileReference section */

/* Begin PBXFrameworksBuildPhase section */
		EB1BEDC92B9FA92000906918 /* Frameworks */ = {
			isa = PBXFrameworksBuildPhase;
			buildActionMask = 2147483647;
			files = (
			);
			runOnlyForDeploymentPostprocessing = 0;
		};
		EB1BEDD92B9FA92200906918 /* Frameworks */ = {
			isa = PBXFrameworksBuildPhase;
			buildActionMask = 2147483647;
			files = (
			);
			runOnlyForDeploymentPostprocessing = 0;
		};
		EB1BEDE32B9FA92200906918 /* Frameworks */ = {
			isa = PBXFrameworksBuildPhase;
			buildActionMask = 2147483647;
			files = (
			);
			runOnlyForDeploymentPostprocessing = 0;
		};
/* End PBXFrameworksBuildPhase section */

/* Begin PBXGroup section */
		EB1BEDC32B9FA92000906918 = {
			isa = PBXGroup;
			children = (
				EB1BEDCE2B9FA92000906918 /* EntraElTender */,
				EB1BEDDF2B9FA92200906918 /* EntraElTenderTests */,
				EB1BEDE92B9FA92200906918 /* EntraElTenderUITests */,
				EB1BEDCD2B9FA92000906918 /* Products */,
			);
			sourceTree = "<group>";
		};
		EB1BEDCD2B9FA92000906918 /* Products */ = {
			isa = PBXGroup;
			children = (
				EB1BEDCC2B9FA92000906918 /* EntraElTender.app */,
				EB1BEDDC2B9FA92200906918 /* EntraElTenderTests.xctest */,
				EB1BEDE62B9FA92200906918 /* EntraElTenderUITests.xctest */,
			);
			name = Products;
			sourceTree = "<group>";
		};
		EB1BEDCE2B9FA92000906918 /* EntraElTender */ = {
			isa = PBXGroup;
			children = (
				EB1BEDCF2B9FA92000906918 /* EntraElTenderApp.swift */,
				EB1BEDD12B9FA92000906918 /* ContentView.swift */,
				EB1BEDD32B9FA92200906918 /* Assets.xcassets */,
				EB1BEDD52B9FA92200906918 /* Preview Content */,
			);
			path = EntraElTender;
			sourceTree = "<group>";
		};
		EB1BEDD52B9FA92200906918 /* Preview Content */ = {
			isa = PBXGroup;
			children = (
				EB1BEDD62B9FA92200906918 /* Preview Assets.xcassets */,
			);
			path = "Preview Content";
			sourceTree = "<group>";
		};
		EB1BEDDF2B9FA92200906918 /* EntraElTenderTests */ = {
			isa = PBXGroup;
			children = (
				EB1BEDE02B9FA92200906918 /* EntraElTenderTests.swift */,
			);
			path = EntraElTenderTests;
			sourceTree = "<group>";
		};
		EB1BEDE92B9FA92200906918 /* EntraElTenderUITests */ = {
			isa = PBXGroup;
			children = (
				EB1BEDEA2B9FA92200906918 /* EntraElTenderUITests.swift */,
				EB1BEDEC2B9FA92200906918 /* EntraElTenderUITestsLaunchTests.swift */,
			);
			path = EntraElTenderUITests;
			sourceTree = "<group>";
		};
/* End PBXGroup section */

/* Begin PBXNativeTarget section */
		EB1BEDCB2B9FA92000906918 /* EntraElTender */ = {
			isa = PBXNativeTarget;
			buildConfigurationList = EB1BEDF02B9FA92200906918 /* Build configuration list for PBXNativeTarget "EntraElTender" */;
			buildPhases = (
				EB1BEDC82B9FA92000906918 /* Sources */,
				EB1BEDC92B9FA92000906918 /* Frameworks */,
				EB1BEDCA2B9FA92000906918 /* Resources */,
			);
			buildRules = (
			);
			dependencies = (
			);
			name = EntraElTender;
			productName = EntraElTender;
			productReference = EB1BEDCC2B9FA92000906918 /* EntraElTender.app */;
			productType = "com.apple.product-type.application";
		};
		EB1BEDDB2B9FA92200906918 /* EntraElTenderTests */ = {
			isa = PBXNativeTarget;
			buildConfigurationList = EB1BEDF32B9FA92200906918 /* Build configuration list for PBXNativeTarget "EntraElTenderTests" */;
			buildPhases = (
				EB1BEDD82B9FA92200906918 /* Sources */,
				EB1BEDD92B9FA92200906918 /* Frameworks */,
				EB1BEDDA2B9FA92200906918 /* Resources */,
			);
			buildRules = (
			);
			dependencies = (
				EB1BEDDE2B9FA92200906918 /* PBXTargetDependency */,
			);
			name = EntraElTenderTests;
			productName = EntraElTenderTests;
			productReference = EB1BEDDC2B9FA92200906918 /* EntraElTenderTests.xctest */;
			productType = "com.apple.product-type.bundle.unit-test";
		};
		EB1BEDE52B9FA92200906918 /* EntraElTenderUITests */ = {
			isa = PBXNativeTarget;
			buildConfigurationList = EB1BEDF62B9FA92200906918 /* Build configuration list for PBXNativeTarget "EntraElTenderUITests" */;
			buildPhases = (
				EB1BEDE22B9FA92200906918 /* Sources */,
				EB1BEDE32B9FA92200906918 /* Frameworks */,
				EB1BEDE42B9FA92200906918 /* Resources */,
			);
			buildRules = (
			);
			dependencies = (
				EB1BEDE82B9FA92200906918 /* PBXTargetDependency */,
			);
			name = EntraElTenderUITests;
			productName = EntraElTenderUITests;
			productReference = EB1BEDE62B9FA92200906918 /* EntraElTenderUITests.xctest */;
			productType = "com.apple.product-type.bundle.ui-testing";
		};
/* End PBXNativeTarget section */

/* Begin PBXProject section */
		EB1BEDC42B9FA92000906918 /* Project object */ = {
			isa = PBXProject;
			attributes = {
				BuildIndependentTargetsInParallel = 1;
				LastSwiftUpdateCheck = 1530;
				LastUpgradeCheck = 1530;
				TargetAttributes = {
					EB1BEDCB2B9FA92000906918 = {
						CreatedOnToolsVersion = 15.3;
					};
					EB1BEDDB2B9FA92200906918 = {
						CreatedOnToolsVersion = 15.3;
						TestTargetID = EB1BEDCB2B9FA92000906918;
					};
					EB1BEDE52B9FA92200906918 = {
						CreatedOnToolsVersion = 15.3;
						TestTargetID = EB1BEDCB2B9FA92000906918;
					};
				};
			};
			buildConfigurationList = EB1BEDC72B9FA92000906918 /* Build configuration list for PBXProject "EntraElTender" */;
			compatibilityVersion = "Xcode 14.0";
			developmentRegion = en;
			hasScannedForEncodings = 0;
			knownRegions = (
				en,
				Base,
			);
			mainGroup = EB1BEDC32B9FA92000906918;
			productRefGroup = EB1BEDCD2B9FA92000906918 /* Products */;
			projectDirPath = "";
			projectRoot = "";
			targets = (
				EB1BEDCB2B9FA92000906918 /* EntraElTender */,
				EB1BEDDB2B9FA92200906918 /* EntraElTenderTests */,
				EB1BEDE52B9FA92200906918 /* EntraElTenderUITests */,
			);
		};
/* End PBXProject section */

/* Begin PBXResourcesBuildPhase section */
		EB1BEDCA2B9FA92000906918 /* Resources */ = {
			isa = PBXResourcesBuildPhase;
			buildActionMask = 2147483647;
			files = (
				EB1BEDD72B9FA92200906918 /* Preview Assets.xcassets in Resources */,
				EB1BEDD42B9FA92200906918 /* Assets.xcassets in Resources */,
			);
			runOnlyForDeploymentPostprocessing = 0;
		};
		EB1BEDDA2B9FA92200906918 /* Resources */ = {
			isa = PBXResourcesBuildPhase;
			buildActionMask = 2147483647;
			files = (
			);
			runOnlyForDeploymentPostprocessing = 0;
		};
		EB1BEDE42B9FA92200906918 /* Resources */ = {
			isa = PBXResourcesBuildPhase;
			buildActionMask = 2147483647;
			files = (
			);
			runOnlyForDeploymentPostprocessing = 0;
		};
/* End PBXResourcesBuildPhase section */

/* Begin PBXSourcesBuildPhase section */
		EB1BEDC82B9FA92000906918 /* Sources */ = {
			isa = PBXSourcesBuildPhase;
			buildActionMask = 2147483647;
			files = (
				EB1BEDD22B9FA92000906918 /* ContentView.swift in Sources */,
				EB1BEDD02B9FA92000906918 /* EntraElTenderApp.swift in Sources */,
			);
			runOnlyForDeploymentPostprocessing = 0;
		};
		EB1BEDD82B9FA92200906918 /* Sources */ = {
			isa = PBXSourcesBuildPhase;
			buildActionMask = 2147483647;
			files = (
				EB1BEDE12B9FA92200906918 /* EntraElTenderTests.swift in Sources */,
			);
			runOnlyForDeploymentPostprocessing = 0;
		};
		EB1BEDE22B9FA92200906918 /* Sources */ = {
			isa = PBXSourcesBuildPhase;
			buildActionMask = 2147483647;
			files = (
				EB1BEDED2B9FA92200906918 /* EntraElTenderUITestsLaunchTests.swift in Sources */,
				EB1BEDEB2B9FA92200906918 /* EntraElTenderUITests.swift in Sources */,
			);
			runOnlyForDeploymentPostprocessing = 0;
		};
/* End PBXSourcesBuildPhase section */

/* Begin PBXTargetDependency section */
		EB1BEDDE2B9FA92200906918 /* PBXTargetDependency */ = {
			isa = PBXTargetDependency;
			target = EB1BEDCB2B9FA92000906918 /* EntraElTender */;
			targetProxy = EB1BEDDD2B9FA92200906918 /* PBXContainerItemProxy */;
		};
		EB1BEDE82B9FA92200906918 /* PBXTargetDependency */ = {
			isa = PBXTargetDependency;
			target = EB1BEDCB2B9FA92000906918 /* EntraElTender */;
			targetProxy = EB1BEDE72B9FA92200906918 /* PBXContainerItemProxy */;
		};
/* End PBXTargetDependency section */

/* Begin XCBuildConfiguration section */
		EB1BEDEE2B9FA92200906918 /* Debug */ = {
			isa = XCBuildConfiguration;
			buildSettings = {
				ALWAYS_SEARCH_USER_PATHS = NO;
				ASSETCATALOG_COMPILER_GENERATE_SWIFT_ASSET_SYMBOL_EXTENSIONS = YES;
				CLANG_ANALYZER_NONNULL = YES;
				CLANG_ANALYZER_NUMBER_OBJECT_CONVERSION = YES_AGGRESSIVE;
				CLANG_CXX_LANGUAGE_STANDARD = "gnu++20";
				CLANG_ENABLE_MODULES = YES;
				CLANG_ENABLE_OBJC_ARC = YES;
				CLANG_ENABLE_OBJC_WEAK = YES;
				CLANG_WARN_BLOCK_CAPTURE_AUTORELEASING = YES;
				CLANG_WARN_BOOL_CONVERSION = YES;
				CLANG_WARN_COMMA = YES;
				CLANG_WARN_CONSTANT_CONVERSION = YES;
				CLANG_WARN_DEPRECATED_OBJC_IMPLEMENTATIONS = YES;
				CLANG_WARN_DIRECT_OBJC_ISA_USAGE = YES_ERROR;
				CLANG_WARN_DOCUMENTATION_COMMENTS = YES;
				CLANG_WARN_EMPTY_BODY = YES;
				CLANG_WARN_ENUM_CONVERSION = YES;
				CLANG_WARN_INFINITE_RECURSION = YES;
				CLANG_WARN_INT_CONVERSION = YES;
				CLANG_WARN_NON_LITERAL_NULL_CONVERSION = YES;
				CLANG_WARN_OBJC_IMPLICIT_RETAIN_SELF = YES;
				CLANG_WARN_OBJC_LITERAL_CONVERSION = YES;
				CLANG_WARN_OBJC_ROOT_CLASS = YES_ERROR;
				CLANG_WARN_QUOTED_INCLUDE_IN_FRAMEWORK_HEADER = YES;
				CLANG_WARN_RANGE_LOOP_ANALYSIS = YES;
				CLANG_WARN_STRICT_PROTOTYPES = YES;
				CLANG_WARN_SUSPICIOUS_MOVE = YES;
				CLANG_WARN_UNGUARDED_AVAILABILITY = YES_AGGRESSIVE;
				CLANG_WARN_UNREACHABLE_CODE = YES;
				CLANG_WARN__DUPLICATE_METHOD_MATCH = YES;
				COPY_PHASE_STRIP = NO;
				DEBUG_INFORMATION_FORMAT = dwarf;
				ENABLE_STRICT_OBJC_MSGSEND = YES;
				ENABLE_TESTABILITY = YES;
				ENABLE_USER_SCRIPT_SANDBOXING = YES;
				GCC_C_LANGUAGE_STANDARD = gnu17;
				GCC_DYNAMIC_NO_PIC = NO;
				GCC_NO_COMMON_BLOCKS = YES;
				GCC_OPTIMIZATION_LEVEL = 0;
				GCC_PREPROCESSOR_DEFINITIONS = (
					"DEBUG=1",
					"$(inherited)",
				);
				GCC_WARN_64_TO_32_BIT_CONVERSION = YES;
				GCC_WARN_ABOUT_RETURN_TYPE = YES_ERROR;
				GCC_WARN_UNDECLARED_SELECTOR = YES;
				GCC_WARN_UNINITIALIZED_AUTOS = YES_AGGRESSIVE;
				GCC_WARN_UNUSED_FUNCTION = YES;
				GCC_WARN_UNUSED_VARIABLE = YES;
				IPHONEOS_DEPLOYMENT_TARGET = 17.4;
				LOCALIZATION_PREFERS_STRING_CATALOGS = YES;
				MTL_ENABLE_DEBUG_INFO = INCLUDE_SOURCE;
				MTL_FAST_MATH = YES;
				ONLY_ACTIVE_ARCH = YES;
				SDKROOT = iphoneos;
				SWIFT_ACTIVE_COMPILATION_CONDITIONS = "DEBUG $(inherited)";
				SWIFT_OPTIMIZATION_LEVEL = "-Onone";
			};
			name = Debug;
		};
		EB1BEDEF2B9FA92200906918 /* Release */ = {
			isa = XCBuildConfiguration;
			buildSettings = {
				ALWAYS_SEARCH_USER_PATHS = NO;
				ASSETCATALOG_COMPILER_GENERATE_SWIFT_ASSET_SYMBOL_EXTENSIONS = YES;
				CLANG_ANALYZER_NONNULL = YES;
				CLANG_ANALYZER_NUMBER_OBJECT_CONVERSION = YES_AGGRESSIVE;
				CLANG_CXX_LANGUAGE_STANDARD = "gnu++20";
				CLANG_ENABLE_MODULES = YES;
				CLANG_ENABLE_OBJC_ARC = YES;
				CLANG_ENABLE_OBJC_WEAK = YES;
				CLANG_WARN_BLOCK_CAPTURE_AUTORELEASING = YES;
				CLANG_WARN_BOOL_CONVERSION = YES;
				CLANG_WARN_COMMA = YES;
				CLANG_WARN_CONSTANT_CONVERSION = YES;
				CLANG_WARN_DEPRECATED_OBJC_IMPLEMENTATIONS = YES;
				CLANG_WARN_DIRECT_OBJC_ISA_USAGE = YES_ERROR;
				CLANG_WARN_DOCUMENTATION_COMMENTS = YES;
				CLANG_WARN_EMPTY_BODY = YES;
				CLANG_WARN_ENUM_CONVERSION = YES;
				CLANG_WARN_INFINITE_RECURSION = YES;
				CLANG_WARN_INT_CONVERSION = YES;
				CLANG_WARN_NON_LITERAL_NULL_CONVERSION = YES;
				CLANG_WARN_OBJC_IMPLICIT_RETAIN_SELF = YES;
				CLANG_WARN_OBJC_LITERAL_CONVERSION = YES;
				CLANG_WARN_OBJC_ROOT_CLASS = YES_ERROR;
				CLANG_WARN_QUOTED_INCLUDE_IN_FRAMEWORK_HEADER = YES;
				CLANG_WARN_RANGE_LOOP_ANALYSIS = YES;
				CLANG_WARN_STRICT_PROTOTYPES = YES;
				CLANG_WARN_SUSPICIOUS_MOVE = YES;
				CLANG_WARN_UNGUARDED_AVAILABILITY = YES_AGGRESSIVE;
				CLANG_WARN_UNREACHABLE_CODE = YES;
				CLANG_WARN__DUPLICATE_METHOD_MATCH = YES;
				COPY_PHASE_STRIP = NO;
				DEBUG_INFORMATION_FORMAT = "dwarf-with-dsym";
				ENABLE_NS_ASSERTIONS = NO;
				ENABLE_STRICT_OBJC_MSGSEND = YES;
				ENABLE_USER_SCRIPT_SANDBOXING = YES;
				GCC_C_LANGUAGE_STANDARD = gnu17;
				GCC_NO_COMMON_BLOCKS = YES;
				GCC_WARN_64_TO_32_BIT_CONVERSION = YES;
				GCC_WARN_ABOUT_RETURN_TYPE = YES_ERROR;
				GCC_WARN_UNDECLARED_SELECTOR = YES;
				GCC_WARN_UNINITIALIZED_AUTOS = YES_AGGRESSIVE;
				GCC_WARN_UNUSED_FUNCTION = YES;
				GCC_WARN_UNUSED_VARIABLE = YES;
				IPHONEOS_DEPLOYMENT_TARGET = 17.4;
				LOCALIZATION_PREFERS_STRING_CATALOGS = YES;
				MTL_ENABLE_DEBUG_INFO = NO;
				MTL_FAST_MATH = YES;
				SDKROOT = iphoneos;
				SWIFT_COMPILATION_MODE = wholemodule;
				VALIDATE_PRODUCT = YES;
			};
			name = Release;
		};
		EB1BEDF12B9FA92200906918 /* Debug */ = {
			isa = XCBuildConfiguration;
			buildSettings = {
				ASSETCATALOG_COMPILER_APPICON_NAME = AppIcon;
				ASSETCATALOG_COMPILER_GLOBAL_ACCENT_COLOR_NAME = AccentColor;
				CODE_SIGN_STYLE = Automatic;
				CURRENT_PROJECT_VERSION = 1;
				DEVELOPMENT_ASSET_PATHS = "\"EntraElTender/Preview Content\"";
				DEVELOPMENT_TEAM = 6V3H44TYVW;
				ENABLE_PREVIEWS = YES;
				GENERATE_INFOPLIST_FILE = YES;
				INFOPLIST_KEY_UIApplicationSceneManifest_Generation = YES;
				INFOPLIST_KEY_UIApplicationSupportsIndirectInputEvents = YES;
				INFOPLIST_KEY_UILaunchScreen_Generation = YES;
				INFOPLIST_KEY_UISupportedInterfaceOrientations_iPad = "UIInterfaceOrientationPortrait UIInterfaceOrientationPortraitUpsideDown UIInterfaceOrientationLandscapeLeft UIInterfaceOrientationLandscapeRight";
				INFOPLIST_KEY_UISupportedInterfaceOrientations_iPhone = "UIInterfaceOrientationPortrait UIInterfaceOrientationLandscapeLeft UIInterfaceOrientationLandscapeRight";
				LD_RUNPATH_SEARCH_PATHS = (
					"$(inherited)",
					"@executable_path/Frameworks",
				);
				MARKETING_VERSION = 1.0;
				PRODUCT_BUNDLE_IDENTIFIER = GasparPM.EntraElTender;
				PRODUCT_NAME = "$(TARGET_NAME)";
				SWIFT_EMIT_LOC_STRINGS = YES;
				SWIFT_VERSION = 5.0;
				TARGETED_DEVICE_FAMILY = "1,2";
			};
			name = Debug;
		};
		EB1BEDF22B9FA92200906918 /* Release */ = {
			isa = XCBuildConfiguration;
			buildSettings = {
				ASSETCATALOG_COMPILER_APPICON_NAME = AppIcon;
				ASSETCATALOG_COMPILER_GLOBAL_ACCENT_COLOR_NAME = AccentColor;
				CODE_SIGN_STYLE = Automatic;
				CURRENT_PROJECT_VERSION = 1;
				DEVELOPMENT_ASSET_PATHS = "\"EntraElTender/Preview Content\"";
				DEVELOPMENT_TEAM = 6V3H44TYVW;
				ENABLE_PREVIEWS = YES;
				GENERATE_INFOPLIST_FILE = YES;
				INFOPLIST_KEY_UIApplicationSceneManifest_Generation = YES;
				INFOPLIST_KEY_UIApplicationSupportsIndirectInputEvents = YES;
				INFOPLIST_KEY_UILaunchScreen_Generation = YES;
				INFOPLIST_KEY_UISupportedInterfaceOrientations_iPad = "UIInterfaceOrientationPortrait UIInterfaceOrientationPortraitUpsideDown UIInterfaceOrientationLandscapeLeft UIInterfaceOrientationLandscapeRight";
				INFOPLIST_KEY_UISupportedInterfaceOrientations_iPhone = "UIInterfaceOrientationPortrait UIInterfaceOrientationLandscapeLeft UIInterfaceOrientationLandscapeRight";
				LD_RUNPATH_SEARCH_PATHS = (
					"$(inherited)",
					"@executable_path/Frameworks",
				);
				MARKETING_VERSION = 1.0;
				PRODUCT_BUNDLE_IDENTIFIER = GasparPM.EntraElTender;
				PRODUCT_NAME = "$(TARGET_NAME)";
				SWIFT_EMIT_LOC_STRINGS = YES;
				SWIFT_VERSION = 5.0;
				TARGETED_DEVICE_FAMILY = "1,2";
			};
			name = Release;
		};
		EB1BEDF42B9FA92200906918 /* Debug */ = {
			isa = XCBuildConfiguration;
			buildSettings = {
				ALWAYS_EMBED_SWIFT_STANDARD_LIBRARIES = YES;
				BUNDLE_LOADER = "$(TEST_HOST)";
				CODE_SIGN_STYLE = Automatic;
				CURRENT_PROJECT_VERSION = 1;
				DEVELOPMENT_TEAM = 6V3H44TYVW;
				GENERATE_INFOPLIST_FILE = YES;
				IPHONEOS_DEPLOYMENT_TARGET = 17.4;
				MARKETING_VERSION = 1.0;
				PRODUCT_BUNDLE_IDENTIFIER = GasparPM.EntraElTenderTests;
				PRODUCT_NAME = "$(TARGET_NAME)";
				SWIFT_EMIT_LOC_STRINGS = NO;
				SWIFT_VERSION = 5.0;
				TARGETED_DEVICE_FAMILY = "1,2";
				TEST_HOST = "$(BUILT_PRODUCTS_DIR)/EntraElTender.app/$(BUNDLE_EXECUTABLE_FOLDER_PATH)/EntraElTender";
			};
			name = Debug;
		};
		EB1BEDF52B9FA92200906918 /* Release */ = {
			isa = XCBuildConfiguration;
			buildSettings = {
				ALWAYS_EMBED_SWIFT_STANDARD_LIBRARIES = YES;
				BUNDLE_LOADER = "$(TEST_HOST)";
				CODE_SIGN_STYLE = Automatic;
				CURRENT_PROJECT_VERSION = 1;
				DEVELOPMENT_TEAM = 6V3H44TYVW;
				GENERATE_INFOPLIST_FILE = YES;
				IPHONEOS_DEPLOYMENT_TARGET = 17.4;
				MARKETING_VERSION = 1.0;
				PRODUCT_BUNDLE_IDENTIFIER = GasparPM.EntraElTenderTests;
				PRODUCT_NAME = "$(TARGET_NAME)";
				SWIFT_EMIT_LOC_STRINGS = NO;
				SWIFT_VERSION = 5.0;
				TARGETED_DEVICE_FAMILY = "1,2";
				TEST_HOST = "$(BUILT_PRODUCTS_DIR)/EntraElTender.app/$(BUNDLE_EXECUTABLE_FOLDER_PATH)/EntraElTender";
			};
			name = Release;
		};
		EB1BEDF72B9FA92200906918 /* Debug */ = {
			isa = XCBuildConfiguration;
			buildSettings = {
				ALWAYS_EMBED_SWIFT_STANDARD_LIBRARIES = YES;
				CODE_SIGN_STYLE = Automatic;
				CURRENT_PROJECT_VERSION = 1;
				DEVELOPMENT_TEAM = 6V3H44TYVW;
				GENERATE_INFOPLIST_FILE = YES;
				MARKETING_VERSION = 1.0;
				PRODUCT_BUNDLE_IDENTIFIER = GasparPM.EntraElTenderUITests;
				PRODUCT_NAME = "$(TARGET_NAME)";
				SWIFT_EMIT_LOC_STRINGS = NO;
				SWIFT_VERSION = 5.0;
				TARGETED_DEVICE_FAMILY = "1,2";
				TEST_TARGET_NAME = EntraElTender;
			};
			name = Debug;
		};
		EB1BEDF82B9FA92200906918 /* Release */ = {
			isa = XCBuildConfiguration;
			buildSettings = {
				ALWAYS_EMBED_SWIFT_STANDARD_LIBRARIES = YES;
				CODE_SIGN_STYLE = Automatic;
				CURRENT_PROJECT_VERSION = 1;
				DEVELOPMENT_TEAM = 6V3H44TYVW;
				GENERATE_INFOPLIST_FILE = YES;
				MARKETING_VERSION = 1.0;
				PRODUCT_BUNDLE_IDENTIFIER = GasparPM.EntraElTenderUITests;
				PRODUCT_NAME = "$(TARGET_NAME)";
				SWIFT_EMIT_LOC_STRINGS = NO;
				SWIFT_VERSION = 5.0;
				TARGETED_DEVICE_FAMILY = "1,2";
				TEST_TARGET_NAME = EntraElTender;
			};
			name = Release;
		};
/* End XCBuildConfiguration section */

/* Begin XCConfigurationList section */
		EB1BEDC72B9FA92000906918 /* Build configuration list for PBXProject "EntraElTender" */ = {
			isa = XCConfigurationList;
			buildConfigurations = (
				EB1BEDEE2B9FA92200906918 /* Debug */,
				EB1BEDEF2B9FA92200906918 /* Release */,
			);
			defaultConfigurationIsVisible = 0;
			defaultConfigurationName = Release;
		};
		EB1BEDF02B9FA92200906918 /* Build configuration list for PBXNativeTarget "EntraElTender" */ = {
			isa = XCConfigurationList;
			buildConfigurations = (
				EB1BEDF12B9FA92200906918 /* Debug */,
				EB1BEDF22B9FA92200906918 /* Release */,
			);
			defaultConfigurationIsVisible = 0;
			defaultConfigurationName = Release;
		};
		EB1BEDF32B9FA92200906918 /* Build configuration list for PBXNativeTarget "EntraElTenderTests" */ = {
			isa = XCConfigurationList;
			buildConfigurations = (
				EB1BEDF42B9FA92200906918 /* Debug */,
				EB1BEDF52B9FA92200906918 /* Release */,
			);
			defaultConfigurationIsVisible = 0;
			defaultConfigurationName = Release;
		};
		EB1BEDF62B9FA92200906918 /* Build configuration list for PBXNativeTarget "EntraElTenderUITests" */ = {
			isa = XCConfigurationList;
			buildConfigurations = (
				EB1BEDF72B9FA92200906918 /* Debug */,
				EB1BEDF82B9FA92200906918 /* Release */,
			);
			defaultConfigurationIsVisible = 0;
			defaultConfigurationName = Release;
		};
/* End XCConfigurationList section */
	};
	rootObject = EB1BEDC42B9FA92000906918 /* Project object */;
}
